
Microsoft Visual Studio Solution File, Format Version 12.00
# Visual Studio Version 16
VisualStudioVersion = 16.0.29806.167
MinimumVisualStudioVersion = 10.0.40219.1
Project("{8BC9CEB8-8B4A-11D0-8D11-00A0C91BC942}") = "Sandbox", "Sandbox\Sandbox.vcxproj", "{DBA6726B-E589-48C4-8836-29E82F9FBF2C}"
EndProject
Project("{8BC9CEB8-8B4A-11D0-8D11-00A0C91BC942}") = "Watch", "Watch\Watch.vcxproj", "{37CE58B6-05D9-49CF-BF64-23FEAB38FCE9}"
EndProject
Global
	GlobalSection(SolutionConfigurationPlatforms) = preSolution
		Debug|x64 = Debug|x64
		Release|x64 = Release|x64
	EndGlobalSection
	GlobalSection(ProjectConfigurationPlatforms) = postSolution
		{37CE58B6-05D9-49CF-BF64-23FEAB38FCE9}.Debug|x64.ActiveCfg = Debug|x64
		{37CE58B6-05D9-49CF-BF64-23FEAB38FCE9}.Debug|x64.Build.0 = Debug|x64
		{37CE58B6-05D9-49CF-BF64-23FEAB38FCE9}.Release|x64.ActiveCfg = Release|x64
		{37CE58B6-05D9-49CF-BF64-23FEAB38FCE9}.Release|x64.Build.0 = Release|x64
		{DBA6726B-E589-48C4-8836-29E82F9FBF2C}.Debug|x64.ActiveCfg = Debug|x64
		{DBA6726B-E589-48C4-8836-29E82F9FBF2C}.Debug|x64.Build.0 = Debug|x64
		{DBA6726B-E589-48C4-8836-29E82F9FBF2C}.Release|x64.ActiveCfg = Release|x64
		{DBA6726B-E589-48C4-8836-29E82F9FBF2C}.Release|x64.Build.0 = Release|x64
	EndGlobalSection
	GlobalSection(SolutionProperties) = preSolution
		HideSolutionNode = FALSE
	EndGlobalSection
	GlobalSection(ExtensibilityGlobals) = postSolution
		SolutionGuid = {8386AF12-B6CA-4608-BEE0-512DC08FDAC6}
	EndGlobalSection
EndGlobal
